{
  "name": "UniDe",
  "version": "1.0.0",
  "lockfileVersion": 1,
  "requires": true,
  "dependencies": {
    "@polymer/iron-a11y-announcer": {
      "version": "3.0.2",
      "resolved": "https://registry.npmjs.org/@polymer/iron-a11y-announcer/-/iron-a11y-announcer-3.0.2.tgz",
      "integrity": "sha512-LqnMF39mXyxSSRbTHRzGbcJS8nU0NVTo2raBOgOlpxw5yfGJUVcwaTJ/qy5NtWCZLRfa4suycf0oAkuUjHTXHQ==",
      "requires": {
        "@polymer/polymer": "^3.0.0"
      }
    },
    "@polymer/iron-a11y-keys-behavior": {
      "version": "3.0.1",
      "resolved": "https://registry.npmjs.org/@polymer/iron-a11y-keys-behavior/-/iron-a11y-keys-behavior-3.0.1.tgz",
      "integrity": "sha512-lnrjKq3ysbBPT/74l0Fj0U9H9C35Tpw2C/tpJ8a+5g8Y3YJs1WSZYnEl1yOkw6sEyaxOq/1DkzH0+60gGu5/PQ==",
      "requires": {
        "@polymer/polymer": "^3.0.0"
      }
    },
    "@polymer/iron-flex-layout": {
      "version": "3.0.1",
      "resolved": "https://registry.npmjs.org/@polymer/iron-flex-layout/-/iron-flex-layout-3.0.1.tgz",
      "integrity": "sha512-7gB869czArF+HZcPTVSgvA7tXYFze9EKckvM95NB7SqYF+NnsQyhoXgKnpFwGyo95lUjUW9TFDLUwDXnCYFtkw==",
      "requires": {
        "@polymer/polymer": "^3.0.0"
      }
    },
    "@polymer/iron-icon": {
      "version": "3.0.1",
      "resolved": "https://registry.npmjs.org/@polymer/iron-icon/-/iron-icon-3.0.1.tgz",
      "integrity": "sha512-QLPwirk+UPZNaLnMew9VludXA4CWUCenRewgEcGYwdzVgDPCDbXxy6vRJjmweZobMQv/oVLppT2JZtJFnPxX6g==",
      "requires": {
        "@polymer/iron-flex-layout": "^3.0.0-pre.26",
        "@polymer/iron-meta": "^3.0.0-pre.26",
        "@polymer/polymer": "^3.0.0"
      }
    },
    "@polymer/iron-iconset-svg": {
      "version": "3.0.1",
      "resolved": "https://registry.npmjs.org/@polymer/iron-iconset-svg/-/iron-iconset-svg-3.0.1.tgz",
      "integrity": "sha512-XNwURbNHRw6u2fJe05O5fMYye6GSgDlDqCO+q6K1zAnKIrpgZwf2vTkBd5uCcZwsN0FyCB3mvNZx4jkh85dRDw==",
      "requires": {
        "@polymer/iron-meta": "^3.0.0-pre.26",
        "@polymer/polymer": "^3.0.0"
      }
    },
    "@polymer/iron-list": {
      "version": "3.0.1",
      "resolved": "https://registry.npmjs.org/@polymer/iron-list/-/iron-list-3.0.1.tgz",
      "integrity": "sha512-RNMCtOiROJxge8fXla7m0cjyDbDIn8jRylL/1BAAbmTQqcbN4IU26oi4mPHxtaxx9MR+IIV5yzCY2kflsYY4Og==",
      "requires": {
        "@polymer/iron-a11y-keys-behavior": "^3.0.0-pre.26",
        "@polymer/iron-resizable-behavior": "^3.0.0-pre.26",
        "@polymer/iron-scroll-target-behavior": "^3.0.0-pre.26",
        "@polymer/polymer": "^3.0.0"
      }
    },
    "@polymer/iron-media-query": {
      "version": "3.0.1",
      "resolved": "https://registry.npmjs.org/@polymer/iron-media-query/-/iron-media-query-3.0.1.tgz",
      "integrity": "sha512-czUX1pm1zfmfcZtq5J57XFkcobBv08Y50exp0/3v8Bos5VL/jv2tU0RwiTfDBxUMhjicGbgwEBFQPY2V5DMzyw==",
      "requires": {
        "@polymer/polymer": "^3.0.0"
      }
    },
    "@polymer/iron-meta": {
      "version": "3.0.1",
      "resolved": "https://registry.npmjs.org/@polymer/iron-meta/-/iron-meta-3.0.1.tgz",
      "integrity": "sha512-pWguPugiLYmWFV9UWxLWzZ6gm4wBwQdDy4VULKwdHCqR7OP7u98h+XDdGZsSlDPv6qoryV/e3tGHlTIT0mbzJA==",
      "requires": {
        "@polymer/polymer": "^3.0.0"
      }
    },
    "@polymer/iron-resizable-behavior": {
      "version": "3.0.1",
      "resolved": "https://registry.npmjs.org/@polymer/iron-resizable-behavior/-/iron-resizable-behavior-3.0.1.tgz",
      "integrity": "sha512-FyHxRxFspVoRaeZSWpT3y0C9awomb4tXXolIJcZ7RvXhMP632V5lez+ch5G5SwK0LpnAPkg35eB0LPMFv+YMMQ==",
      "requires": {
        "@polymer/polymer": "^3.0.0"
      }
    },
    "@polymer/iron-scroll-target-behavior": {
      "version": "3.0.1",
      "resolved": "https://registry.npmjs.org/@polymer/iron-scroll-target-behavior/-/iron-scroll-target-behavior-3.0.1.tgz",
      "integrity": "sha512-xg1WanG25BIkQE8rhuReqY9zx1K5M7F+YAIYpswEp5eyDIaZ1Y3vUmVeQ3KG+hiSugzI1M752azXN7kvyhOBcQ==",
      "requires": {
        "@polymer/polymer": "^3.0.0"
      }
    },
    "@polymer/polymer": {
      "version": "3.1.0",
      "resolved": "https://registry.npmjs.org/@polymer/polymer/-/polymer-3.1.0.tgz",
      "integrity": "sha512-hwN8IMERsFATz/9dSMxYHL+84J9uBkPuuarxJWlTsppZ4CAYTZKnepBfNrKoyNsafBmA3yXBiiKPPf+fJtza7A==",
      "requires": {
        "@webcomponents/shadycss": "^1.5.2"
      }
    },
    "@types/jszip": {
      "version": "3.1.5",
      "resolved": "https://registry.npmjs.org/@types/jszip/-/jszip-3.1.5.tgz",
      "integrity": "sha512-DXjYsQr0B9rbjI8n7ZoIFXFMNHDBb9XLYRgwVYxhtsnr/HfFglpxb/InshOBAzkmW4WjgtvnA212voeVV2vwiA==",
      "requires": {
        "@types/node": "*"
      }
    },
    "@types/node": {
      "version": "11.9.5",
      "resolved": "https://registry.npmjs.org/@types/node/-/node-11.9.5.tgz",
      "integrity": "sha512-vVjM0SVzgaOUpflq4GYBvCpozes8OgIIS5gVXVka+OfK3hvnkC1i93U8WiY2OtNE4XUWyyy/86Kf6e0IHTQw1Q=="
    },
    "@vaadin/vaadin-button": {
      "version": "2.1.3",
      "resolved": "https://registry.npmjs.org/@vaadin/vaadin-button/-/vaadin-button-2.1.3.tgz",
      "integrity": "sha512-mF/DSpE+e2XxHlB4Fy1nTOjHM5hHod+Iv8jQ6+GFvz6jWPscpRYDg5UkkE9KGqhOy9hQXyHY+tQMGWFZ7hqUfw==",
      "requires": {
        "@polymer/polymer": "^3.0.0",
        "@vaadin/vaadin-control-state-mixin": "^2.1.1",
        "@vaadin/vaadin-element-mixin": "^2.0.0",
        "@vaadin/vaadin-lumo-styles": "^1.3.3",
        "@vaadin/vaadin-material-styles": "^1.2.0",
        "@vaadin/vaadin-themable-mixin": "^1.2.1"
      }
    },
    "@vaadin/vaadin-checkbox": {
      "version": "2.2.7",
      "resolved": "https://registry.npmjs.org/@vaadin/vaadin-checkbox/-/vaadin-checkbox-2.2.7.tgz",
      "integrity": "sha512-pIBK8rITDiY3K179rsjjk7SNiG8ufl7kBbWfLuuhbTr8KVn+Z+3TLBvMjgqLx+Y8WH3gOKOf6EgDrYyKLpUQww==",
      "requires": {
        "@polymer/polymer": "^3.0.0",
        "@vaadin/vaadin-control-state-mixin": "^2.1.1",
        "@vaadin/vaadin-element-mixin": "^2.0.0",
        "@vaadin/vaadin-lumo-styles": "^1.2.0",
        "@vaadin/vaadin-material-styles": "^1.2.0",
        "@vaadin/vaadin-themable-mixin": "^1.2.1"
      }
    },
    "@vaadin/vaadin-combo-box": {
      "version": "4.2.5",
      "resolved": "https://registry.npmjs.org/@vaadin/vaadin-combo-box/-/vaadin-combo-box-4.2.5.tgz",
      "integrity": "sha512-2PNfa3aUFzylagoCvp8V/5BN1aiasC2UxjLw482gGSnVKox6245keIDADB6Ys/sucbVI74/yf2x88c1NdF42EQ==",
      "requires": {
        "@polymer/iron-a11y-announcer": "^3.0.0",
        "@polymer/iron-a11y-keys-behavior": "^3.0.0",
        "@polymer/iron-list": "^3.0.0",
        "@polymer/iron-resizable-behavior": "^3.0.0",
        "@polymer/polymer": "^3.0.0",
        "@vaadin/vaadin-control-state-mixin": "^2.1.1",
        "@vaadin/vaadin-element-mixin": "^2.0.0",
        "@vaadin/vaadin-item": "^2.1.0",
        "@vaadin/vaadin-lumo-styles": "^1.1.1",
        "@vaadin/vaadin-material-styles": "^1.1.2",
        "@vaadin/vaadin-overlay": "^3.2.0",
        "@vaadin/vaadin-text-field": "^2.1.1",
        "@vaadin/vaadin-themable-mixin": "^1.3.2"
      }
    },
    "@vaadin/vaadin-context-menu": {
      "version": "4.3.2",
      "resolved": "https://registry.npmjs.org/@vaadin/vaadin-context-menu/-/vaadin-context-menu-4.3.2.tgz",
      "integrity": "sha512-VyCGSTZsVYSrMDXsdeyD3p8ihDMLNTKXhAIo4XU9737ILhtb9Plp3FCwTlz117mZEKntONsZ/PY20JotH8Pb1A==",
      "requires": {
        "@polymer/iron-media-query": "^3.0.0",
        "@polymer/polymer": "^3.0.0",
        "@vaadin/vaadin-element-mixin": "^2.1.1",
        "@vaadin/vaadin-item": "^2.1.0",
        "@vaadin/vaadin-list-box": "^1.1.0",
        "@vaadin/vaadin-lumo-styles": "^1.1.1",
        "@vaadin/vaadin-material-styles": "^1.1.1",
        "@vaadin/vaadin-overlay": "^3.2.9",
        "@vaadin/vaadin-themable-mixin": "^1.3.2"
      }
    },
    "@vaadin/vaadin-control-state-mixin": {
      "version": "2.1.3",
      "resolved": "https://registry.npmjs.org/@vaadin/vaadin-control-state-mixin/-/vaadin-control-state-mixin-2.1.3.tgz",
      "integrity": "sha512-EtLfMN9i/gwToAEuW6E1OA2Q2i/4a+Il6tKkqE/0i7bgu3Xr1IITMcagQn9QSsp1Xkpr/nLtWWKRq7yZZkbHVg==",
      "requires": {
        "@polymer/polymer": "^3.0.0"
      }
    },
    "@vaadin/vaadin-date-picker": {
      "version": "3.3.2",
      "resolved": "https://registry.npmjs.org/@vaadin/vaadin-date-picker/-/vaadin-date-picker-3.3.2.tgz",
      "integrity": "sha512-wuWh6W87WKMytvN6tu8DPJByi4Lv45B4OiFCNnogPaiQb/+rnz99HusWnc4SH5woltsbwOTsV/z9h3VyuzBNsQ==",
      "requires": {
        "@polymer/iron-a11y-announcer": "^3.0.0-pre.18",
        "@polymer/iron-a11y-keys-behavior": "^3.0.0-pre.18",
        "@polymer/iron-media-query": "^3.0.0-pre.18",
        "@polymer/iron-resizable-behavior": "^3.0.0-pre.18",
        "@polymer/polymer": "^3.0.0",
        "@vaadin/vaadin-button": "^2.1.0",
        "@vaadin/vaadin-control-state-mixin": "^2.1.1",
        "@vaadin/vaadin-element-mixin": "^2.0.0",
        "@vaadin/vaadin-lumo-styles": "^1.1.1",
        "@vaadin/vaadin-material-styles": "^1.1.2",
        "@vaadin/vaadin-overlay": "^3.2.0",
        "@vaadin/vaadin-text-field": "^2.1.2",
        "@vaadin/vaadin-themable-mixin": "^1.3.2"
      }
    },
    "@vaadin/vaadin-development-mode-detector": {
      "version": "2.0.0",
      "resolved": "https://registry.npmjs.org/@vaadin/vaadin-development-mode-detector/-/vaadin-development-mode-detector-2.0.0.tgz",
      "integrity": "sha512-pzSaUqn+lJbTL2ZC6NCAfhyMymMYg2p4DzeUXdyInJISwSWmgh9RlRVpAGhi6MIUOKC7kGeKPAiB4vyWsEhzDg=="
    },
    "@vaadin/vaadin-dialog": {
      "version": "2.2.1",
      "resolved": "https://registry.npmjs.org/@vaadin/vaadin-dialog/-/vaadin-dialog-2.2.1.tgz",
      "integrity": "sha512-OPaXsCdVYWm8wR0c/kJ822SnjHwSi69kpp2zywB9SwvxauHnS/88ZHnJyHT5JunKw1otsHYmEa0Uqc1WYhIkQw==",
      "requires": {
        "@polymer/polymer": "^3.0.0",
        "@vaadin/vaadin-element-mixin": "^2.0.0",
        "@vaadin/vaadin-lumo-styles": "^1.1.0",
        "@vaadin/vaadin-material-styles": "^1.1.0",
        "@vaadin/vaadin-overlay": "^3.2.0",
        "@vaadin/vaadin-themable-mixin": "^1.3.2"
      }
    },
    "@vaadin/vaadin-dropdown-menu": {
      "version": "1.2.0",
      "resolved": "https://registry.npmjs.org/@vaadin/vaadin-dropdown-menu/-/vaadin-dropdown-menu-1.2.0.tgz",
      "integrity": "sha512-ToQ3HmZEtvKq9ueRiGAWmOU3q3vscdOKFGCSmiV9jbVy/hzRyqhrXN9BmceWcn6wx5mnuEGCddGOKnTiNc2TKQ==",
      "requires": {
        "@polymer/iron-media-query": "^3.0.0-pre.18",
        "@polymer/iron-resizable-behavior": "^3.0.0-pre.18",
        "@polymer/polymer": "^3.0.0",
        "@vaadin/vaadin-control-state-mixin": "^2.1.1",
        "@vaadin/vaadin-element-mixin": "^2.0.0",
        "@vaadin/vaadin-lumo-styles": "^1.1.0",
        "@vaadin/vaadin-material-styles": "^1.1.0",
        "@vaadin/vaadin-overlay": "^3.2.0-alpha3",
        "@vaadin/vaadin-text-field": "^2.1.1",
        "@vaadin/vaadin-themable-mixin": "^1.3.2"
      }
    },
    "@vaadin/vaadin-element-mixin": {
      "version": "2.1.3",
      "resolved": "https://registry.npmjs.org/@vaadin/vaadin-element-mixin/-/vaadin-element-mixin-2.1.3.tgz",
      "integrity": "sha512-tCEdrS5JMIl9ZsyjnV28XI2AFLC35RUWRF6XPrvm/MpKAxWLk1MlYrkwR26avOuSqvNwCBO56NIDN2k1yYC4eA==",
      "requires": {
        "@polymer/polymer": "^3.0.0",
        "@vaadin/vaadin-development-mode-detector": "^2.0.0",
        "@vaadin/vaadin-usage-statistics": "^2.0.2"
      }
    },
    "@vaadin/vaadin-form-layout": {
      "version": "2.1.2",
      "resolved": "https://registry.npmjs.org/@vaadin/vaadin-form-layout/-/vaadin-form-layout-2.1.2.tgz",
      "integrity": "sha512-VJHX1sr/vXmv88lbNLJE+gEbp8Xo6ovReBKDh0g8vWhLAJfNntHRq+6pQ0qWTkeQlERlJTqGlGRgKgLMMbkhtQ==",
      "requires": {
        "@polymer/iron-resizable-behavior": "^3.0.0",
        "@polymer/polymer": "^3.0.0",
        "@vaadin/vaadin-element-mixin": "^2.0.0",
        "@vaadin/vaadin-lumo-styles": "^1.1.0",
        "@vaadin/vaadin-material-styles": "^1.1.0",
        "@vaadin/vaadin-themable-mixin": "^1.2.1"
      }
    },
    "@vaadin/vaadin-grid": {
      "version": "5.3.2",
      "resolved": "https://registry.npmjs.org/@vaadin/vaadin-grid/-/vaadin-grid-5.3.2.tgz",
      "integrity": "sha512-9CCOczX/qV6gL1DKzMDJ7ePrusXk1O6MaTr2NdV2V6sdB1aJICQLMN2KhjtZo7jAP5WUpxK3jRIb4HXajYKd7g==",
      "requires": {
        "@polymer/iron-a11y-announcer": "^3.0.0",
        "@polymer/iron-a11y-keys-behavior": "^3.0.0",
        "@polymer/iron-resizable-behavior": "^3.0.0",
        "@polymer/iron-scroll-target-behavior": "^3.0.0",
        "@polymer/polymer": "^3.0.0",
        "@vaadin/vaadin-checkbox": "^2.2.1",
        "@vaadin/vaadin-element-mixin": "^2.1.1",
        "@vaadin/vaadin-lumo-styles": "^1.1.1",
        "@vaadin/vaadin-material-styles": "^1.1.1",
        "@vaadin/vaadin-text-field": "^2.1.1",
        "@vaadin/vaadin-themable-mixin": "^1.2.1"
      }
    },
    "@vaadin/vaadin-icons": {
      "version": "4.2.1",
      "resolved": "https://registry.npmjs.org/@vaadin/vaadin-icons/-/vaadin-icons-4.2.1.tgz",
      "integrity": "sha512-O1UCcWrZqMhoeXgaW0pPWlNFRkDqbrgOG7ytmxUiG1cNvgA9/ifgCTPq0384lEhlENXJ4Ap4KZ9Qwo35UKSFLg==",
      "requires": {
        "@polymer/iron-icon": "^3.0.0-pre.18",
        "@polymer/iron-iconset-svg": "^3.0.0-pre.18",
        "@polymer/polymer": "^3.0.0"
      }
    },
    "@vaadin/vaadin-item": {
      "version": "2.1.0",
      "resolved": "https://registry.npmjs.org/@vaadin/vaadin-item/-/vaadin-item-2.1.0.tgz",
      "integrity": "sha512-OgHDWghreIYbvCc9vaNcGteg796CO99N8NFfjqAsAF75cHKdwWfPLylrYZSebk/PCFdKCQauSQXXRVU3uqzyBg==",
      "requires": {
        "@polymer/polymer": "^3.0.0",
        "@vaadin/vaadin-lumo-styles": "^1.1.0",
        "@vaadin/vaadin-material-styles": "^1.1.0",
        "@vaadin/vaadin-themable-mixin": "^1.2.1"
      }
    },
    "@vaadin/vaadin-list-box": {
      "version": "1.1.0",
      "resolved": "https://registry.npmjs.org/@vaadin/vaadin-list-box/-/vaadin-list-box-1.1.0.tgz",
      "integrity": "sha512-IC+L6VH+155K8rOEWu9BL1tdfnvBWYFcJb0Kty/l5FLmlxUJ2HIhaMSghgtbOsv19stLGTiV9BTAboBszGQ+Hg==",
      "requires": {
        "@polymer/polymer": "^3.0.0",
        "@vaadin/vaadin-element-mixin": "^2.0.0",
        "@vaadin/vaadin-item": "^2.1.0",
        "@vaadin/vaadin-list-mixin": "^2.1.0",
        "@vaadin/vaadin-lumo-styles": "^1.1.0",
        "@vaadin/vaadin-material-styles": "^1.1.0",
        "@vaadin/vaadin-themable-mixin": "^1.2.1"
      }
    },
    "@vaadin/vaadin-list-mixin": {
      "version": "2.1.2",
      "resolved": "https://registry.npmjs.org/@vaadin/vaadin-list-mixin/-/vaadin-list-mixin-2.1.2.tgz",
      "integrity": "sha512-qqmNPMDSvnxic1qErRYh59j74uXdasxtcB0ceFezLYZhp5U4zSoYfZZglSW25L0wA19CVPNuv6s0qJuqkaTcBA==",
      "requires": {
        "@polymer/polymer": "^3.0.0"
      }
    },
    "@vaadin/vaadin-lumo-styles": {
      "version": "1.4.1",
      "resolved": "https://registry.npmjs.org/@vaadin/vaadin-lumo-styles/-/vaadin-lumo-styles-1.4.1.tgz",
      "integrity": "sha512-v0dYpXXEhRv5xhF9rQ4+BPXQWk/z6R1TOm9iNOI75UCqX8llS9E+SVeGFiB/w4PzgFlFK72DVJrtiwoUsSADzQ==",
      "requires": {
        "@polymer/iron-icon": "^3.0.0",
        "@polymer/iron-iconset-svg": "^3.0.0",
        "@polymer/polymer": "^3.0.0"
      }
    },
    "@vaadin/vaadin-material-styles": {
      "version": "1.2.1",
      "resolved": "https://registry.npmjs.org/@vaadin/vaadin-material-styles/-/vaadin-material-styles-1.2.1.tgz",
      "integrity": "sha512-oGLQfwBRBhYnPGvsGE+Vi9VTRzotJYn9B+FvBwF5qJxKKhpPNDTWnjLhs3t9JTC/rYPXgiY7uCRLMb8Tsngqtw==",
      "requires": {
        "@polymer/polymer": "^3.0.0"
      }
    },
    "@vaadin/vaadin-notification": {
      "version": "1.2.1",
      "resolved": "https://registry.npmjs.org/@vaadin/vaadin-notification/-/vaadin-notification-1.2.1.tgz",
      "integrity": "sha512-PmjnYrheQZNWCNAmkGlVcq0TPTyYG3jFr0YefJoaIEce6Wq/2gdfkdePTC+eEJE/mG1x15aCenUB82JvoXnKoA==",
      "requires": {
        "@polymer/polymer": "^3.0.0",
        "@vaadin/vaadin-element-mixin": "^2.0.0",
        "@vaadin/vaadin-lumo-styles": "^1.1.0",
        "@vaadin/vaadin-material-styles": "^1.1.0",
        "@vaadin/vaadin-themable-mixin": "^1.3.2"
      }
    },
    "@vaadin/vaadin-ordered-layout": {
      "version": "1.1.0",
      "resolved": "https://registry.npmjs.org/@vaadin/vaadin-ordered-layout/-/vaadin-ordered-layout-1.1.0.tgz",
      "integrity": "sha512-ln3dXms/JmKCYu4sTc/xANxF13V8S6A1f/0xKvohYOEU5fRvq7suc8SR7GesyfXouF40kbFJ49sqTquK9TP95A==",
      "requires": {
        "@polymer/polymer": "^3.0.0",
        "@vaadin/vaadin-element-mixin": "^2.0.0",
        "@vaadin/vaadin-lumo-styles": "^1.1.0",
        "@vaadin/vaadin-material-styles": "^1.1.0",
        "@vaadin/vaadin-themable-mixin": "^1.2.1"
      }
    },
    "@vaadin/vaadin-overlay": {
      "version": "3.2.10",
      "resolved": "https://registry.npmjs.org/@vaadin/vaadin-overlay/-/vaadin-overlay-3.2.10.tgz",
      "integrity": "sha512-EUSRgSYnVN0hLoYrswVIzFBAnuqAYF6uj4sqI8zxJbt9PxF9dbz6JfhUM4IJEne4uqzYVkUDfvlD5MOS0N8CNQ==",
      "requires": {
        "@polymer/polymer": "^3.0.0",
        "@vaadin/vaadin-lumo-styles": "^1.3.0",
        "@vaadin/vaadin-material-styles": "^1.2.0",
        "@vaadin/vaadin-themable-mixin": "^1.2.1"
      }
    },
    "@vaadin/vaadin-progress-bar": {
      "version": "1.1.0",
      "resolved": "https://registry.npmjs.org/@vaadin/vaadin-progress-bar/-/vaadin-progress-bar-1.1.0.tgz",
      "integrity": "sha512-EnM/ikNIgp47KCvzJeq7D2uueP7nGTKuhZWZVOMsKkX8tb+o68FJJdWZ1QkLJ+9Z1AKCAz5QhSKgP4+EPoiL2w==",
      "requires": {
        "@polymer/polymer": "^3.0.0",
        "@vaadin/vaadin-element-mixin": "^2.0.0",
        "@vaadin/vaadin-lumo-styles": "^1.1.0",
        "@vaadin/vaadin-material-styles": "^1.1.0",
        "@vaadin/vaadin-themable-mixin": "^1.2.1"
      }
    },
    "@vaadin/vaadin-radio-button": {
      "version": "1.1.5",
      "resolved": "https://registry.npmjs.org/@vaadin/vaadin-radio-button/-/vaadin-radio-button-1.1.5.tgz",
      "integrity": "sha512-QxaNZ/8QQqwkDWvrmOWaLZAD0j+3+TPU1FEErXjh9n0Ufvqx77/lm6ktArNz9QGkYTcu5KUaFh4XhIv+fHSs0g==",
      "requires": {
        "@polymer/polymer": "^3.0.0",
        "@vaadin/vaadin-control-state-mixin": "^2.1.1",
        "@vaadin/vaadin-element-mixin": "^2.0.0",
        "@vaadin/vaadin-lumo-styles": "^1.2.0",
        "@vaadin/vaadin-material-styles": "^1.2.0",
        "@vaadin/vaadin-themable-mixin": "^1.2.1"
      }
    },
    "@vaadin/vaadin-split-layout": {
      "version": "4.1.0",
      "resolved": "https://registry.npmjs.org/@vaadin/vaadin-split-layout/-/vaadin-split-layout-4.1.0.tgz",
      "integrity": "sha512-hg93lLaDJeAcFwoyQmeo+W7uCkm7O2Vte96EBxqXfRUMwXA3RDg/gNjpZHhHkmvnNx/tsahxeMlpar6YD3aj+Q==",
      "requires": {
        "@polymer/iron-resizable-behavior": "^3.0.0-pre.18",
        "@polymer/polymer": "^3.0.0",
        "@vaadin/vaadin-element-mixin": "^2.0.0",
        "@vaadin/vaadin-lumo-styles": "^1.1.0",
        "@vaadin/vaadin-material-styles": "^1.1.0",
        "@vaadin/vaadin-themable-mixin": "^1.2.1"
      }
    },
    "@vaadin/vaadin-tabs": {
      "version": "2.1.1",
      "resolved": "https://registry.npmjs.org/@vaadin/vaadin-tabs/-/vaadin-tabs-2.1.1.tgz",
      "integrity": "sha512-awk+zj3UOqYMdWeZV61RpdTbusYOo+GKjszcHF1jsRubOEjyxy2E5RJ42gJUEC4dr7PAkhhbsN6KTDqYDKjppQ==",
      "requires": {
        "@polymer/iron-resizable-behavior": "^3.0.0-pre.18",
        "@polymer/polymer": "^3.0.0",
        "@vaadin/vaadin-element-mixin": "^2.0.0",
        "@vaadin/vaadin-item": "^2.1.0",
        "@vaadin/vaadin-list-mixin": "^2.1.0",
        "@vaadin/vaadin-lumo-styles": "^1.1.0",
        "@vaadin/vaadin-material-styles": "^1.1.0",
        "@vaadin/vaadin-themable-mixin": "^1.2.1"
      }
    },
    "@vaadin/vaadin-text-field": {
      "version": "2.3.4",
      "resolved": "https://registry.npmjs.org/@vaadin/vaadin-text-field/-/vaadin-text-field-2.3.4.tgz",
      "integrity": "sha512-FjmBlVXSv+hz9kVYrzpv+JS/98ejBlCiOrODhOI3tsul4umuhnwfjJvnyTmv3z3ynl9BNrWu/iLu+iZsbtd/eA==",
      "requires": {
        "@polymer/polymer": "^3.0.0",
        "@vaadin/vaadin-control-state-mixin": "^2.1.1",
        "@vaadin/vaadin-element-mixin": "^2.0.0",
        "@vaadin/vaadin-lumo-styles": "^1.2.0",
        "@vaadin/vaadin-material-styles": "^1.2.0",
        "@vaadin/vaadin-themable-mixin": "^1.2.1"
      }
    },
    "@vaadin/vaadin-themable-mixin": {
      "version": "1.4.4",
      "resolved": "https://registry.npmjs.org/@vaadin/vaadin-themable-mixin/-/vaadin-themable-mixin-1.4.4.tgz",
      "integrity": "sha512-S/zN0DvSQ3cy1PdH0Dfa2yQirIFQKWCC3o0YdBzrKVCGvi5QW8+IqBTDFKnIaOfWjYoHsw2eunWcg9pu2jlI1Q==",
      "requires": {
        "@polymer/polymer": "^3.0.0"
      }
    },
    "@vaadin/vaadin-upload": {
      "version": "4.2.1",
      "resolved": "https://registry.npmjs.org/@vaadin/vaadin-upload/-/vaadin-upload-4.2.1.tgz",
      "integrity": "sha512-MY21sMl87fklAbR9EoXJYee7RA0qpbIPRLGt88apl/fsldLwVpK0oYmR3Yl2ctohVy3pj+Yacpw4nGlX3+OV3A==",
      "requires": {
        "@polymer/polymer": "^3.0.0",
        "@vaadin/vaadin-button": "^2.1.0",
        "@vaadin/vaadin-element-mixin": "^2.0.0",
        "@vaadin/vaadin-lumo-styles": "^1.1.0",
        "@vaadin/vaadin-material-styles": "^1.1.0",
        "@vaadin/vaadin-progress-bar": "^1.1.0",
        "@vaadin/vaadin-themable-mixin": "^1.2.1"
      }
    },
    "@vaadin/vaadin-usage-statistics": {
      "version": "2.0.2",
      "resolved": "https://registry.npmjs.org/@vaadin/vaadin-usage-statistics/-/vaadin-usage-statistics-2.0.2.tgz",
      "integrity": "sha512-emu6IttPhlfH7chc3tvvZyztULtrMhNi6SK6BPXe7hN9PvF3XZfLLtVHxQMbJid85yYDcynKSyKznlhDkyrc7Q==",
      "requires": {
        "@vaadin/vaadin-development-mode-detector": "^2.0.0"
      }
    },
    "@webcomponents/shadycss": {
      "version": "1.9.0",
      "resolved": "https://registry.npmjs.org/@webcomponents/shadycss/-/shadycss-1.9.0.tgz",
      "integrity": "sha512-g8Xa+6RSEME4g/wLJW4YII0eq15rvXp76RxPAuv7hx+Bdoi7GzZJ/EoZOUfyIbqAsQbII1TcWD4/+Xhs5NcM1w=="
    },
    "core-util-is": {
      "version": "1.0.2",
      "resolved": "https://registry.npmjs.org/core-util-is/-/core-util-is-1.0.2.tgz",
      "integrity": "sha1-tf1UIgqivFq1eqtxQMlAdUUDwac="
    },
    "file-saver": {
      "version": "2.0.1",
      "resolved": "https://registry.npmjs.org/file-saver/-/file-saver-2.0.1.tgz",
      "integrity": "sha512-dCB3K7/BvAcUmtmh1DzFdv0eXSVJ9IAFt1mw3XZfAexodNRoE29l3xB2EX4wH2q8m/UTzwzEPq/ArYk98kUkBQ=="
    },
    "immediate": {
      "version": "3.0.6",
      "resolved": "https://registry.npmjs.org/immediate/-/immediate-3.0.6.tgz",
      "integrity": "sha1-nbHb0Pr43m++D13V5Wu2BigN5ps="
    },
    "inherits": {
      "version": "2.0.3",
      "resolved": "https://registry.npmjs.org/inherits/-/inherits-2.0.3.tgz",
      "integrity": "sha1-Yzwsg+PaQqUC9SRmAiSA9CCCYd4="
    },
    "isarray": {
      "version": "1.0.0",
      "resolved": "https://registry.npmjs.org/isarray/-/isarray-1.0.0.tgz",
      "integrity": "sha1-u5NdSFgsuhaMBoNJV6VKPgcSTxE="
    },
    "jszip": {
      "version": "3.2.0",
      "resolved": "https://registry.npmjs.org/jszip/-/jszip-3.2.0.tgz",
      "integrity": "sha512-4WjbsaEtBK/DHeDZOPiPw5nzSGLDEDDreFRDEgnoMwmknPjTqa+23XuYFk6NiGbeiAeZCctiQ/X/z0lQBmDVOQ==",
      "requires": {
        "lie": "~3.3.0",
        "pako": "~1.0.2",
        "readable-stream": "~2.3.6",
        "set-immediate-shim": "~1.0.1"
      }
    },
    "lie": {
      "version": "3.3.0",
      "resolved": "https://registry.npmjs.org/lie/-/lie-3.3.0.tgz",
      "integrity": "sha512-UaiMJzeWRlEujzAuw5LokY1L5ecNQYZKfmyZ9L7wDHb/p5etKaxXhohBcrw0EYby+G/NA52vRSN4N39dxHAIwQ==",
      "requires": {
        "immediate": "~3.0.5"
      }
    },
    "pako": {
      "version": "1.0.8",
      "resolved": "https://registry.npmjs.org/pako/-/pako-1.0.8.tgz",
      "integrity": "sha512-6i0HVbUfcKaTv+EG8ZTr75az7GFXcLYk9UyLEg7Notv/Ma+z/UG3TCoz6GiNeOrn1E/e63I0X/Hpw18jHOTUnA=="
    },
    "process-nextick-args": {
      "version": "2.0.0",
      "resolved": "https://registry.npmjs.org/process-nextick-args/-/process-nextick-args-2.0.0.tgz",
      "integrity": "sha512-MtEC1TqN0EU5nephaJ4rAtThHtC86dNN9qCuEhtshvpVBkAW5ZO7BASN9REnF9eoXGcRub+pFuKEpOHE+HbEMw=="
    },
    "readable-stream": {
      "version": "2.3.6",
      "resolved": "https://registry.npmjs.org/readable-stream/-/readable-stream-2.3.6.tgz",
      "integrity": "sha512-tQtKA9WIAhBF3+VLAseyMqZeBjW0AHJoxOtYqSUZNJxauErmLbVm2FW1y+J/YA9dUrAC39ITejlZWhVIwawkKw==",
      "requires": {
        "core-util-is": "~1.0.0",
        "inherits": "~2.0.3",
        "isarray": "~1.0.0",
        "process-nextick-args": "~2.0.0",
        "safe-buffer": "~5.1.1",
        "string_decoder": "~1.1.1",
        "util-deprecate": "~1.0.1"
      }
    },
    "safe-buffer": {
      "version": "5.1.2",
      "resolved": "https://registry.npmjs.org/safe-buffer/-/safe-buffer-5.1.2.tgz",
      "integrity": "sha512-Gd2UZBJDkXlY7GbJxfsE8/nvKkUEU1G38c1siN6QP6a9PT9MmHB8GnpscSmMJSoF8LOIrt8ud/wPtojys4G6+g=="
    },
    "set-immediate-shim": {
      "version": "1.0.1",
      "resolved": "https://registry.npmjs.org/set-immediate-shim/-/set-immediate-shim-1.0.1.tgz",
      "integrity": "sha1-SysbJ+uAip+NzEgaWOXlb1mfP2E="
    },
    "string_decoder": {
      "version": "1.1.1",
      "resolved": "https://registry.npmjs.org/string_decoder/-/string_decoder-1.1.1.tgz",
      "integrity": "sha512-n/ShnvDi6FHbbVfviro+WojiFzv+s8MPMHBczVePfUpDJLwoLT0ht1l4YwBCbi8pJAveEEdnkHyPyTP/mzRfwg==",
      "requires": {
        "safe-buffer": "~5.1.0"
      }
    },
    "util-deprecate": {
      "version": "1.0.2",
      "resolved": "https://registry.npmjs.org/util-deprecate/-/util-deprecate-1.0.2.tgz",
      "integrity": "sha1-RQ1Nyfpw3nMnYvvS1KKJgUGaDM8="
    }
  }
}
